
Microsoft Visual Studio Solution File, Format Version 12.00
# Visual Studio Version 17
VisualStudioVersion = 17.7.34221.43
MinimumVisualStudioVersion = 10.0.40219.1
Project("{FAE04EC0-301F-11D3-BF4B-00C04F79EFBC}") = "EntiryFrameworkCleanStart", "EntiryFrameworkCleanStart\EntiryFrameworkCleanStart.csproj", "{D56A52F3-23AA-498B-8A31-6F103F320AA1}"
EndProject
Project("{FAE04EC0-301F-11D3-BF4B-00C04F79EFBC}") = "DatabaseFirstDemoEF", "DatabaseFirstDemoEF\DatabaseFirstDemoEF.csproj", "{52AC4CEC-16A5-478C-A100-1100E654BFC3}"
EndProject
Project("{FAE04EC0-301F-11D3-BF4B-00C04F79EFBC}") = "CodeFirstDemoEF", "CodeFirstDemoEF\CodeFirstDemoEF.csproj", "{4C7AE352-E314-4E11-BA9A-AC47624F5143}"
EndProject
Global
	GlobalSection(SolutionConfigurationPlatforms) = preSolution
		Debug|Any CPU = Debug|Any CPU
		Release|Any CPU = Release|Any CPU
	EndGlobalSection
	GlobalSection(ProjectConfigurationPlatforms) = postSolution
		{D56A52F3-23AA-498B-8A31-6F103F320AA1}.Debug|Any CPU.ActiveCfg = Debug|Any CPU
		{D56A52F3-23AA-498B-8A31-6F103F320AA1}.Debug|Any CPU.Build.0 = Debug|Any CPU
		{D56A52F3-23AA-498B-8A31-6F103F320AA1}.Release|Any CPU.ActiveCfg = Release|Any CPU
		{D56A52F3-23AA-498B-8A31-6F103F320AA1}.Release|Any CPU.Build.0 = Release|Any CPU
		{52AC4CEC-16A5-478C-A100-1100E654BFC3}.Debug|Any CPU.ActiveCfg = Debug|Any CPU
		{52AC4CEC-16A5-478C-A100-1100E654BFC3}.Debug|Any CPU.Build.0 = Debug|Any CPU
		{52AC4CEC-16A5-478C-A100-1100E654BFC3}.Release|Any CPU.ActiveCfg = Release|Any CPU
		{52AC4CEC-16A5-478C-A100-1100E654BFC3}.Release|Any CPU.Build.0 = Release|Any CPU
		{4C7AE352-E314-4E11-BA9A-AC47624F5143}.Debug|Any CPU.ActiveCfg = Debug|Any CPU
		{4C7AE352-E314-4E11-BA9A-AC47624F5143}.Debug|Any CPU.Build.0 = Debug|Any CPU
		{4C7AE352-E314-4E11-BA9A-AC47624F5143}.Release|Any CPU.ActiveCfg = Release|Any CPU
		{4C7AE352-E314-4E11-BA9A-AC47624F5143}.Release|Any CPU.Build.0 = Release|Any CPU
	EndGlobalSection
	GlobalSection(SolutionProperties) = preSolution
		HideSolutionNode = FALSE
	EndGlobalSection
	GlobalSection(ExtensibilityGlobals) = postSolution
		SolutionGuid = {7E39E2FD-3B42-4311-B7FF-80318D86847B}
	EndGlobalSection
EndGlobal
