
Microsoft Visual Studio Solution File, Format Version 12.00
# Visual Studio Version 17
VisualStudioVersion = 17.9.34714.143
MinimumVisualStudioVersion = 10.0.40219.1
Project("{FAE04EC0-301F-11D3-BF4B-00C04F79EFBC}") = "thread01", "thread01\thread01.csproj", "{E30AFF83-36C0-409B-844E-2A1956FEA8D4}"
EndProject
Global
	GlobalSection(SolutionConfigurationPlatforms) = preSolution
		Debug|Any CPU = Debug|Any CPU
		Release|Any CPU = Release|Any CPU
	EndGlobalSection
	GlobalSection(ProjectConfigurationPlatforms) = postSolution
		{E30AFF83-36C0-409B-844E-2A1956FEA8D4}.Debug|Any CPU.ActiveCfg = Debug|Any CPU
		{E30AFF83-36C0-409B-844E-2A1956FEA8D4}.Debug|Any CPU.Build.0 = Debug|Any CPU
		{E30AFF83-36C0-409B-844E-2A1956FEA8D4}.Release|Any CPU.ActiveCfg = Release|Any CPU
		{E30AFF83-36C0-409B-844E-2A1956FEA8D4}.Release|Any CPU.Build.0 = Release|Any CPU
	EndGlobalSection
	GlobalSection(SolutionProperties) = preSolution
		HideSolutionNode = FALSE
	EndGlobalSection
	GlobalSection(ExtensibilityGlobals) = postSolution
		SolutionGuid = {B5CE6D93-293E-4403-BC4F-B154350D72A9}
	EndGlobalSection
EndGlobal
