
Microsoft Visual Studio Solution File, Format Version 12.00
# Visual Studio Version 17
VisualStudioVersion = 17.7.34221.43
MinimumVisualStudioVersion = 10.0.40219.1
Project("{FAE04EC0-301F-11D3-BF4B-00C04F79EFBC}") = "comicBook", "comicBook\comicBook.csproj", "{D00344F1-AF35-41DB-B987-92DA8A7C99FF}"
EndProject
Project("{FAE04EC0-301F-11D3-BF4B-00C04F79EFBC}") = "FitnessFrog", "FitnessFrog\FitnessFrog.csproj", "{45C2591A-2CD3-4B26-8F79-4002A5CD557F}"
EndProject
Global
	GlobalSection(SolutionConfigurationPlatforms) = preSolution
		Debug|Any CPU = Debug|Any CPU
		Release|Any CPU = Release|Any CPU
	EndGlobalSection
	GlobalSection(ProjectConfigurationPlatforms) = postSolution
		{D00344F1-AF35-41DB-B987-92DA8A7C99FF}.Debug|Any CPU.ActiveCfg = Debug|Any CPU
		{D00344F1-AF35-41DB-B987-92DA8A7C99FF}.Debug|Any CPU.Build.0 = Debug|Any CPU
		{D00344F1-AF35-41DB-B987-92DA8A7C99FF}.Release|Any CPU.ActiveCfg = Release|Any CPU
		{D00344F1-AF35-41DB-B987-92DA8A7C99FF}.Release|Any CPU.Build.0 = Release|Any CPU
		{45C2591A-2CD3-4B26-8F79-4002A5CD557F}.Debug|Any CPU.ActiveCfg = Debug|Any CPU
		{45C2591A-2CD3-4B26-8F79-4002A5CD557F}.Debug|Any CPU.Build.0 = Debug|Any CPU
		{45C2591A-2CD3-4B26-8F79-4002A5CD557F}.Release|Any CPU.ActiveCfg = Release|Any CPU
		{45C2591A-2CD3-4B26-8F79-4002A5CD557F}.Release|Any CPU.Build.0 = Release|Any CPU
	EndGlobalSection
	GlobalSection(SolutionProperties) = preSolution
		HideSolutionNode = FALSE
	EndGlobalSection
	GlobalSection(ExtensibilityGlobals) = postSolution
		SolutionGuid = {78677C2E-4525-4B67-A5B5-5AF7398B96CE}
	EndGlobalSection
EndGlobal
