
Microsoft Visual Studio Solution File, Format Version 12.00
# Visual Studio Version 17
VisualStudioVersion = 17.5.33627.172
MinimumVisualStudioVersion = 10.0.40219.1
Project("{FAE04EC0-301F-11D3-BF4B-00C04F79EFBC}") = "test", "test\test.csproj", "{97FB773F-23A8-4865-B244-9B1480D62702}"
EndProject
Project("{FAE04EC0-301F-11D3-BF4B-00C04F79EFBC}") = "Registration_Form", "Registration_Form\Registration_Form.csproj", "{5F020EAD-3E4D-4A5C-ADB4-BD5956F4745D}"
EndProject
Project("{FAE04EC0-301F-11D3-BF4B-00C04F79EFBC}") = "PurchaseProduct", "PurchaseProduct\PurchaseProduct.csproj", "{933AD04C-CFBE-4761-9253-E05FDE82C3E0}"
EndProject
Project("{FAE04EC0-301F-11D3-BF4B-00C04F79EFBC}") = "TicketReservation", "TicketReservation\TicketReservation.csproj", "{9E760A42-DC61-4D96-92F4-FF503C920E01}"
EndProject
Project("{FAE04EC0-301F-11D3-BF4B-00C04F79EFBC}") = "Clinic Directory", "Clinic Directory\Clinic Directory.csproj", "{38BC09A8-5D33-491B-8EA8-FA17F7BE6211}"
EndProject
Project("{FAE04EC0-301F-11D3-BF4B-00C04F79EFBC}") = "ClinicDirectory_v2", "ClinicDirectory_v2\ClinicDirectory_v2.csproj", "{EA6CF68F-F40C-4761-96A0-3144A16CD399}"
EndProject
Project("{FAE04EC0-301F-11D3-BF4B-00C04F79EFBC}") = "DataEntryProject", "..\..\Day80\DataEntryProject\DataEntryProject.csproj", "{46E0F3EB-B718-462A-9720-2C84B19AC659}"
EndProject
Global
	GlobalSection(SolutionConfigurationPlatforms) = preSolution
		Debug|Any CPU = Debug|Any CPU
		Release|Any CPU = Release|Any CPU
	EndGlobalSection
	GlobalSection(ProjectConfigurationPlatforms) = postSolution
		{97FB773F-23A8-4865-B244-9B1480D62702}.Debug|Any CPU.ActiveCfg = Debug|Any CPU
		{97FB773F-23A8-4865-B244-9B1480D62702}.Debug|Any CPU.Build.0 = Debug|Any CPU
		{97FB773F-23A8-4865-B244-9B1480D62702}.Release|Any CPU.ActiveCfg = Release|Any CPU
		{97FB773F-23A8-4865-B244-9B1480D62702}.Release|Any CPU.Build.0 = Release|Any CPU
		{5F020EAD-3E4D-4A5C-ADB4-BD5956F4745D}.Debug|Any CPU.ActiveCfg = Debug|Any CPU
		{5F020EAD-3E4D-4A5C-ADB4-BD5956F4745D}.Debug|Any CPU.Build.0 = Debug|Any CPU
		{5F020EAD-3E4D-4A5C-ADB4-BD5956F4745D}.Release|Any CPU.ActiveCfg = Release|Any CPU
		{5F020EAD-3E4D-4A5C-ADB4-BD5956F4745D}.Release|Any CPU.Build.0 = Release|Any CPU
		{933AD04C-CFBE-4761-9253-E05FDE82C3E0}.Debug|Any CPU.ActiveCfg = Debug|Any CPU
		{933AD04C-CFBE-4761-9253-E05FDE82C3E0}.Debug|Any CPU.Build.0 = Debug|Any CPU
		{933AD04C-CFBE-4761-9253-E05FDE82C3E0}.Release|Any CPU.ActiveCfg = Release|Any CPU
		{933AD04C-CFBE-4761-9253-E05FDE82C3E0}.Release|Any CPU.Build.0 = Release|Any CPU
		{9E760A42-DC61-4D96-92F4-FF503C920E01}.Debug|Any CPU.ActiveCfg = Debug|Any CPU
		{9E760A42-DC61-4D96-92F4-FF503C920E01}.Debug|Any CPU.Build.0 = Debug|Any CPU
		{9E760A42-DC61-4D96-92F4-FF503C920E01}.Release|Any CPU.ActiveCfg = Release|Any CPU
		{9E760A42-DC61-4D96-92F4-FF503C920E01}.Release|Any CPU.Build.0 = Release|Any CPU
		{38BC09A8-5D33-491B-8EA8-FA17F7BE6211}.Debug|Any CPU.ActiveCfg = Debug|Any CPU
		{38BC09A8-5D33-491B-8EA8-FA17F7BE6211}.Debug|Any CPU.Build.0 = Debug|Any CPU
		{38BC09A8-5D33-491B-8EA8-FA17F7BE6211}.Release|Any CPU.ActiveCfg = Release|Any CPU
		{38BC09A8-5D33-491B-8EA8-FA17F7BE6211}.Release|Any CPU.Build.0 = Release|Any CPU
		{EA6CF68F-F40C-4761-96A0-3144A16CD399}.Debug|Any CPU.ActiveCfg = Debug|Any CPU
		{EA6CF68F-F40C-4761-96A0-3144A16CD399}.Debug|Any CPU.Build.0 = Debug|Any CPU
		{EA6CF68F-F40C-4761-96A0-3144A16CD399}.Release|Any CPU.ActiveCfg = Release|Any CPU
		{EA6CF68F-F40C-4761-96A0-3144A16CD399}.Release|Any CPU.Build.0 = Release|Any CPU
		{46E0F3EB-B718-462A-9720-2C84B19AC659}.Debug|Any CPU.ActiveCfg = Debug|Any CPU
		{46E0F3EB-B718-462A-9720-2C84B19AC659}.Debug|Any CPU.Build.0 = Debug|Any CPU
		{46E0F3EB-B718-462A-9720-2C84B19AC659}.Release|Any CPU.ActiveCfg = Release|Any CPU
		{46E0F3EB-B718-462A-9720-2C84B19AC659}.Release|Any CPU.Build.0 = Release|Any CPU
	EndGlobalSection
	GlobalSection(SolutionProperties) = preSolution
		HideSolutionNode = FALSE
	EndGlobalSection
	GlobalSection(ExtensibilityGlobals) = postSolution
		SolutionGuid = {BD4687C8-FB09-4270-8139-F2796A7DA8EE}
	EndGlobalSection
EndGlobal
