
Microsoft Visual Studio Solution File, Format Version 12.00
# Visual Studio Version 17
VisualStudioVersion = 17.9.34714.143
MinimumVisualStudioVersion = 10.0.40219.1
Project("{9A19103F-16F7-4668-BE54-9A1E7A4F7556}") = "ColorMakerMAUI", "ColorMakerMAUI\ColorMakerMAUI.csproj", "{551D16FC-03A6-41C8-A1D6-A55C48EACC3C}"
EndProject
Project("{FAE04EC0-301F-11D3-BF4B-00C04F79EFBC}") = "MauiUIDesign", "MauiUIDesign\MauiUIDesign.csproj", "{4DE33163-F222-4EAB-B7CE-8BEF60E4750F}"
EndProject
Global
	GlobalSection(SolutionConfigurationPlatforms) = preSolution
		Debug|Any CPU = Debug|Any CPU
		Release|Any CPU = Release|Any CPU
	EndGlobalSection
	GlobalSection(ProjectConfigurationPlatforms) = postSolution
		{551D16FC-03A6-41C8-A1D6-A55C48EACC3C}.Debug|Any CPU.ActiveCfg = Debug|Any CPU
		{551D16FC-03A6-41C8-A1D6-A55C48EACC3C}.Debug|Any CPU.Build.0 = Debug|Any CPU
		{551D16FC-03A6-41C8-A1D6-A55C48EACC3C}.Debug|Any CPU.Deploy.0 = Debug|Any CPU
		{551D16FC-03A6-41C8-A1D6-A55C48EACC3C}.Release|Any CPU.ActiveCfg = Release|Any CPU
		{551D16FC-03A6-41C8-A1D6-A55C48EACC3C}.Release|Any CPU.Build.0 = Release|Any CPU
		{551D16FC-03A6-41C8-A1D6-A55C48EACC3C}.Release|Any CPU.Deploy.0 = Release|Any CPU
		{4DE33163-F222-4EAB-B7CE-8BEF60E4750F}.Debug|Any CPU.ActiveCfg = Debug|Any CPU
		{4DE33163-F222-4EAB-B7CE-8BEF60E4750F}.Debug|Any CPU.Build.0 = Debug|Any CPU
		{4DE33163-F222-4EAB-B7CE-8BEF60E4750F}.Debug|Any CPU.Deploy.0 = Debug|Any CPU
		{4DE33163-F222-4EAB-B7CE-8BEF60E4750F}.Release|Any CPU.ActiveCfg = Release|Any CPU
		{4DE33163-F222-4EAB-B7CE-8BEF60E4750F}.Release|Any CPU.Build.0 = Release|Any CPU
		{4DE33163-F222-4EAB-B7CE-8BEF60E4750F}.Release|Any CPU.Deploy.0 = Release|Any CPU
	EndGlobalSection
	GlobalSection(SolutionProperties) = preSolution
		HideSolutionNode = FALSE
	EndGlobalSection
	GlobalSection(ExtensibilityGlobals) = postSolution
		SolutionGuid = {FAC303F6-3069-4A19-BC6D-C85FC253952B}
	EndGlobalSection
EndGlobal
