
Microsoft Visual Studio Solution File, Format Version 12.00
# Visual Studio Version 17
VisualStudioVersion = 17.6.33815.320
MinimumVisualStudioVersion = 10.0.40219.1
Project("{FAE04EC0-301F-11D3-BF4B-00C04F79EFBC}") = "pong", "pong\pong.csproj", "{AF459F00-2140-4C95-8437-96734E3A8FD4}"
EndProject
Global
	GlobalSection(SolutionConfigurationPlatforms) = preSolution
		Debug|Any CPU = Debug|Any CPU
		Release|Any CPU = Release|Any CPU
	EndGlobalSection
	GlobalSection(ProjectConfigurationPlatforms) = postSolution
		{AF459F00-2140-4C95-8437-96734E3A8FD4}.Debug|Any CPU.ActiveCfg = Debug|Any CPU
		{AF459F00-2140-4C95-8437-96734E3A8FD4}.Debug|Any CPU.Build.0 = Debug|Any CPU
		{AF459F00-2140-4C95-8437-96734E3A8FD4}.Release|Any CPU.ActiveCfg = Release|Any CPU
		{AF459F00-2140-4C95-8437-96734E3A8FD4}.Release|Any CPU.Build.0 = Release|Any CPU
	EndGlobalSection
	GlobalSection(SolutionProperties) = preSolution
		HideSolutionNode = FALSE
	EndGlobalSection
	GlobalSection(ExtensibilityGlobals) = postSolution
		SolutionGuid = {0B179CA7-D1B3-4395-BDC3-3EFFD36569B0}
	EndGlobalSection
EndGlobal
